
Microsoft Visual Studio Solution File, Format Version 12.00
# Visual Studio Version 17
VisualStudioVersion = 17.3.32922.545
MinimumVisualStudioVersion = 10.0.40219.1
Project("{9A19103F-16F7-4668-BE54-9A1E7A4F7556}") = "IncomeTaxCalculator", "IncomeTaxCalculator.csproj", "{602A81D1-7C76-4055-A077-5E1765815B7C}"
EndProject
Project("{9A19103F-16F7-4668-BE54-9A1E7A4F7556}") = "CanadaTaxCalculator", "..\CanadaTaxCalculator\CanadaTaxCalculator.csproj", "{2B9F8B03-7A60-4EE2-BAEE-52E163FFCA49}"
EndProject
Project("{9A19103F-16F7-4668-BE54-9A1E7A4F7556}") = "QuebecTaxCalculator", "..\QuebecTaxCalculator\QuebecTaxCalculator.csproj", "{3AAD3B8F-C43A-4B7A-A626-3EA12B336C94}"
EndProject
Global
	GlobalSection(SolutionConfigurationPlatforms) = preSolution
		Debug|Any CPU = Debug|Any CPU
		Release|Any CPU = Release|Any CPU
	EndGlobalSection
	GlobalSection(ProjectConfigurationPlatforms) = postSolution
		{602A81D1-7C76-4055-A077-5E1765815B7C}.Debug|Any CPU.ActiveCfg = Debug|Any CPU
		{602A81D1-7C76-4055-A077-5E1765815B7C}.Debug|Any CPU.Build.0 = Debug|Any CPU
		{602A81D1-7C76-4055-A077-5E1765815B7C}.Release|Any CPU.ActiveCfg = Release|Any CPU
		{602A81D1-7C76-4055-A077-5E1765815B7C}.Release|Any CPU.Build.0 = Release|Any CPU
		{2B9F8B03-7A60-4EE2-BAEE-52E163FFCA49}.Debug|Any CPU.ActiveCfg = Debug|Any CPU
		{2B9F8B03-7A60-4EE2-BAEE-52E163FFCA49}.Debug|Any CPU.Build.0 = Debug|Any CPU
		{2B9F8B03-7A60-4EE2-BAEE-52E163FFCA49}.Release|Any CPU.ActiveCfg = Release|Any CPU
		{2B9F8B03-7A60-4EE2-BAEE-52E163FFCA49}.Release|Any CPU.Build.0 = Release|Any CPU
		{3AAD3B8F-C43A-4B7A-A626-3EA12B336C94}.Debug|Any CPU.ActiveCfg = Debug|Any CPU
		{3AAD3B8F-C43A-4B7A-A626-3EA12B336C94}.Debug|Any CPU.Build.0 = Debug|Any CPU
		{3AAD3B8F-C43A-4B7A-A626-3EA12B336C94}.Release|Any CPU.ActiveCfg = Release|Any CPU
		{3AAD3B8F-C43A-4B7A-A626-3EA12B336C94}.Release|Any CPU.Build.0 = Release|Any CPU
	EndGlobalSection
	GlobalSection(SolutionProperties) = preSolution
		HideSolutionNode = FALSE
	EndGlobalSection
	GlobalSection(ExtensibilityGlobals) = postSolution
		SolutionGuid = {D4AD1CC1-8AFC-42A4-ABAB-D26317C7A5CA}
	EndGlobalSection
EndGlobal
